// !$*UTF8*$!
{
	archiveVersion = 1;
	classes = {
	};
	objectVersion = 56;
	objects = {

/* Begin PBXBuildFile section */
		B0BAB9B92AE07A2E0001815B /* AppDelegate.swift in Sources */ = {isa = PBXBuildFile; fileRef = B0BAB9B82AE07A2E0001815B /* AppDelegate.swift */; };
		B0BAB9BB2AE07A2E0001815B /* SceneDelegate.swift in Sources */ = {isa = PBXBuildFile; fileRef = B0BAB9BA2AE07A2E0001815B /* SceneDelegate.swift */; };
		B0BAB9BD2AE07A2E0001815B /* MainTabBarViewController.swift in Sources */ = {isa = PBXBuildFile; fileRef = B0BAB9BC2AE07A2E0001815B /* MainTabBarViewController.swift */; };
		B0BAB9C22AE07A300001815B /* Assets.xcassets in Resources */ = {isa = PBXBuildFile; fileRef = B0BAB9C12AE07A300001815B /* Assets.xcassets */; };
		B0BAB9C52AE07A300001815B /* LaunchScreen.storyboard in Resources */ = {isa = PBXBuildFile; fileRef = B0BAB9C32AE07A300001815B /* LaunchScreen.storyboard */; };
		B0BAB9D02AE07A300001815B /* Netflix_CloneTests.swift in Sources */ = {isa = PBXBuildFile; fileRef = B0BAB9CF2AE07A300001815B /* Netflix_CloneTests.swift */; };
		B0BAB9DA2AE07A300001815B /* Netflix_CloneUITests.swift in Sources */ = {isa = PBXBuildFile; fileRef = B0BAB9D92AE07A300001815B /* Netflix_CloneUITests.swift */; };
		B0BAB9DC2AE07A300001815B /* Netflix_CloneUITestsLaunchTests.swift in Sources */ = {isa = PBXBuildFile; fileRef = B0BAB9DB2AE07A300001815B /* Netflix_CloneUITestsLaunchTests.swift */; };
		B0BAB9EA2AE080E00001815B /* HomeViewController.swift in Sources */ = {isa = PBXBuildFile; fileRef = B0BAB9E92AE080E00001815B /* HomeViewController.swift */; };
		B0BAB9EC2AE081140001815B /* UpcomingViewController.swift in Sources */ = {isa = PBXBuildFile; fileRef = B0BAB9EB2AE081140001815B /* UpcomingViewController.swift */; };
		B0BAB9EE2AE081300001815B /* SearchViewController.swift in Sources */ = {isa = PBXBuildFile; fileRef = B0BAB9ED2AE081300001815B /* SearchViewController.swift */; };
		B0BAB9F02AE0815D0001815B /* DownloadsViewController.swift in Sources */ = {isa = PBXBuildFile; fileRef = B0BAB9EF2AE0815D0001815B /* DownloadsViewController.swift */; };
		B0BAB9F72AE08A990001815B /* CollectionViewTableViewCell.swift in Sources */ = {isa = PBXBuildFile; fileRef = B0BAB9F62AE08A990001815B /* CollectionViewTableViewCell.swift */; };
		B0BAB9F92AE096E50001815B /* HeroHeaderUIView.swift in Sources */ = {isa = PBXBuildFile; fileRef = B0BAB9F82AE096E50001815B /* HeroHeaderUIView.swift */; };
		B0BAB9FB2AE0BFC20001815B /* APICaller.swift in Sources */ = {isa = PBXBuildFile; fileRef = B0BAB9FA2AE0BFC20001815B /* APICaller.swift */; };
		B0BAB9FD2AE0D6650001815B /* Title.swift in Sources */ = {isa = PBXBuildFile; fileRef = B0BAB9FC2AE0D6650001815B /* Title.swift */; };
		B0BAB9FF2AE0DB020001815B /* Extensions.swift in Sources */ = {isa = PBXBuildFile; fileRef = B0BAB9FE2AE0DB020001815B /* Extensions.swift */; };
		B0BABA032AE0ECAC0001815B /* TitleCollectionViewCell.swift in Sources */ = {isa = PBXBuildFile; fileRef = B0BABA022AE0ECAC0001815B /* TitleCollectionViewCell.swift */; };
		B0BABA062AE17C4E0001815B /* SDWebImage in Frameworks */ = {isa = PBXBuildFile; productRef = B0BABA052AE17C4E0001815B /* SDWebImage */; };
		B0BABA082AE17C4E0001815B /* SDWebImageMapKit in Frameworks */ = {isa = PBXBuildFile; productRef = B0BABA072AE17C4E0001815B /* SDWebImageMapKit */; };
		B0E102712AE9C0E600973A33 /* TitleTableViewCell.swift in Sources */ = {isa = PBXBuildFile; fileRef = B0E102702AE9C0E600973A33 /* TitleTableViewCell.swift */; };
		B0E102732AE9C51E00973A33 /* TitleViewModel.swift in Sources */ = {isa = PBXBuildFile; fileRef = B0E102722AE9C51E00973A33 /* TitleViewModel.swift */; };
		B0E102752AE9D24F00973A33 /* SearchResultsViewController.swift in Sources */ = {isa = PBXBuildFile; fileRef = B0E102742AE9D24F00973A33 /* SearchResultsViewController.swift */; };
		B0E102792AEA074000973A33 /* YoutubeSearchResponse.swift in Sources */ = {isa = PBXBuildFile; fileRef = B0E102782AEA074000973A33 /* YoutubeSearchResponse.swift */; };
		B0E1027B2AEA0A9100973A33 /* TitlePreviewViewController.swift in Sources */ = {isa = PBXBuildFile; fileRef = B0E1027A2AEA0A9100973A33 /* TitlePreviewViewController.swift */; };
		B0E1027D2AEA0DA400973A33 /* TitlePreviewViewModel.swift in Sources */ = {isa = PBXBuildFile; fileRef = B0E1027C2AEA0DA400973A33 /* TitlePreviewViewModel.swift */; };
		B0E102802AEBDF5C00973A33 /* NetflixCloneModel.xcdatamodeld in Sources */ = {isa = PBXBuildFile; fileRef = B0E1027E2AEBDF5C00973A33 /* NetflixCloneModel.xcdatamodeld */; };
		B0E102822AEBE25400973A33 /* DataPersistenceManager.swift in Sources */ = {isa = PBXBuildFile; fileRef = B0E102812AEBE25400973A33 /* DataPersistenceManager.swift */; };
/* End PBXBuildFile section */

/* Begin PBXContainerItemProxy section */
		B0BAB9CC2AE07A300001815B /* PBXContainerItemProxy */ = {
			isa = PBXContainerItemProxy;
			containerPortal = B0BAB9AD2AE07A2E0001815B /* Project object */;
			proxyType = 1;
			remoteGlobalIDString = B0BAB9B42AE07A2E0001815B;
			remoteInfo = Netflix_Clone;
		};
		B0BAB9D62AE07A300001815B /* PBXContainerItemProxy */ = {
			isa = PBXContainerItemProxy;
			containerPortal = B0BAB9AD2AE07A2E0001815B /* Project object */;
			proxyType = 1;
			remoteGlobalIDString = B0BAB9B42AE07A2E0001815B;
			remoteInfo = Netflix_Clone;
		};
/* End PBXContainerItemProxy section */

/* Begin PBXFileReference section */
		B0BAB9B52AE07A2E0001815B /* Netflix_Clone.app */ = {isa = PBXFileReference; explicitFileType = wrapper.application; includeInIndex = 0; path = Netflix_Clone.app; sourceTree = BUILT_PRODUCTS_DIR; };
		B0BAB9B82AE07A2E0001815B /* AppDelegate.swift */ = {isa = PBXFileReference; lastKnownFileType = sourcecode.swift; path = AppDelegate.swift; sourceTree = "<group>"; };
		B0BAB9BA2AE07A2E0001815B /* SceneDelegate.swift */ = {isa = PBXFileReference; lastKnownFileType = sourcecode.swift; path = SceneDelegate.swift; sourceTree = "<group>"; };
		B0BAB9BC2AE07A2E0001815B /* MainTabBarViewController.swift */ = {isa = PBXFileReference; lastKnownFileType = sourcecode.swift; path = MainTabBarViewController.swift; sourceTree = "<group>"; };
		B0BAB9C12AE07A300001815B /* Assets.xcassets */ = {isa = PBXFileReference; lastKnownFileType = folder.assetcatalog; path = Assets.xcassets; sourceTree = "<group>"; };
		B0BAB9C42AE07A300001815B /* Base */ = {isa = PBXFileReference; lastKnownFileType = file.storyboard; name = Base; path = Base.lproj/LaunchScreen.storyboard; sourceTree = "<group>"; };
		B0BAB9C62AE07A300001815B /* Info.plist */ = {isa = PBXFileReference; lastKnownFileType = text.plist.xml; path = Info.plist; sourceTree = "<group>"; };
		B0BAB9CB2AE07A300001815B /* Netflix_CloneTests.xctest */ = {isa = PBXFileReference; explicitFileType = wrapper.cfbundle; includeInIndex = 0; path = Netflix_CloneTests.xctest; sourceTree = BUILT_PRODUCTS_DIR; };
		B0BAB9CF2AE07A300001815B /* Netflix_CloneTests.swift */ = {isa = PBXFileReference; lastKnownFileType = sourcecode.swift; path = Netflix_CloneTests.swift; sourceTree = "<group>"; };
		B0BAB9D52AE07A300001815B /* Netflix_CloneUITests.xctest */ = {isa = PBXFileReference; explicitFileType = wrapper.cfbundle; includeInIndex = 0; path = Netflix_CloneUITests.xctest; sourceTree = BUILT_PRODUCTS_DIR; };
		B0BAB9D92AE07A300001815B /* Netflix_CloneUITests.swift */ = {isa = PBXFileReference; lastKnownFileType = sourcecode.swift; path = Netflix_CloneUITests.swift; sourceTree = "<group>"; };
		B0BAB9DB2AE07A300001815B /* Netflix_CloneUITestsLaunchTests.swift */ = {isa = PBXFileReference; lastKnownFileType = sourcecode.swift; path = Netflix_CloneUITestsLaunchTests.swift; sourceTree = "<group>"; };
		B0BAB9E92AE080E00001815B /* HomeViewController.swift */ = {isa = PBXFileReference; lastKnownFileType = sourcecode.swift; path = HomeViewController.swift; sourceTree = "<group>"; };
		B0BAB9EB2AE081140001815B /* UpcomingViewController.swift */ = {isa = PBXFileReference; lastKnownFileType = sourcecode.swift; path = UpcomingViewController.swift; sourceTree = "<group>"; };
		B0BAB9ED2AE081300001815B /* SearchViewController.swift */ = {isa = PBXFileReference; lastKnownFileType = sourcecode.swift; path = SearchViewController.swift; sourceTree = "<group>"; };
		B0BAB9EF2AE0815D0001815B /* DownloadsViewController.swift */ = {isa = PBXFileReference; lastKnownFileType = sourcecode.swift; path = DownloadsViewController.swift; sourceTree = "<group>"; };
		B0BAB9F62AE08A990001815B /* CollectionViewTableViewCell.swift */ = {isa = PBXFileReference; lastKnownFileType = sourcecode.swift; path = CollectionViewTableViewCell.swift; sourceTree = "<group>"; };
		B0BAB9F82AE096E50001815B /* HeroHeaderUIView.swift */ = {isa = PBXFileReference; lastKnownFileType = sourcecode.swift; path = HeroHeaderUIView.swift; sourceTree = "<group>"; };
		B0BAB9FA2AE0BFC20001815B /* APICaller.swift */ = {isa = PBXFileReference; lastKnownFileType = sourcecode.swift; path = APICaller.swift; sourceTree = "<group>"; };
		B0BAB9FC2AE0D6650001815B /* Title.swift */ = {isa = PBXFileReference; lastKnownFileType = sourcecode.swift; path = Title.swift; sourceTree = "<group>"; };
		B0BAB9FE2AE0DB020001815B /* Extensions.swift */ = {isa = PBXFileReference; lastKnownFileType = sourcecode.swift; path = Extensions.swift; sourceTree = "<group>"; };
		B0BABA022AE0ECAC0001815B /* TitleCollectionViewCell.swift */ = {isa = PBXFileReference; lastKnownFileType = sourcecode.swift; path = TitleCollectionViewCell.swift; sourceTree = "<group>"; };
		B0E102702AE9C0E600973A33 /* TitleTableViewCell.swift */ = {isa = PBXFileReference; lastKnownFileType = sourcecode.swift; path = TitleTableViewCell.swift; sourceTree = "<group>"; };
		B0E102722AE9C51E00973A33 /* TitleViewModel.swift */ = {isa = PBXFileReference; lastKnownFileType = sourcecode.swift; path = TitleViewModel.swift; sourceTree = "<group>"; };
		B0E102742AE9D24F00973A33 /* SearchResultsViewController.swift */ = {isa = PBXFileReference; lastKnownFileType = sourcecode.swift; path = SearchResultsViewController.swift; sourceTree = "<group>"; };
		B0E102782AEA074000973A33 /* YoutubeSearchResponse.swift */ = {isa = PBXFileReference; lastKnownFileType = sourcecode.swift; path = YoutubeSearchResponse.swift; sourceTree = "<group>"; };
		B0E1027A2AEA0A9100973A33 /* TitlePreviewViewController.swift */ = {isa = PBXFileReference; lastKnownFileType = sourcecode.swift; path = TitlePreviewViewController.swift; sourceTree = "<group>"; };
		B0E1027C2AEA0DA400973A33 /* TitlePreviewViewModel.swift */ = {isa = PBXFileReference; lastKnownFileType = sourcecode.swift; path = TitlePreviewViewModel.swift; sourceTree = "<group>"; };
		B0E1027F2AEBDF5C00973A33 /* NetflixCloneModel.xcdatamodel */ = {isa = PBXFileReference; lastKnownFileType = wrapper.xcdatamodel; path = NetflixCloneModel.xcdatamodel; sourceTree = "<group>"; };
		B0E102812AEBE25400973A33 /* DataPersistenceManager.swift */ = {isa = PBXFileReference; lastKnownFileType = sourcecode.swift; path = DataPersistenceManager.swift; sourceTree = "<group>"; };
/* End PBXFileReference section */

/* Begin PBXFrameworksBuildPhase section */
		B0BAB9B22AE07A2E0001815B /* Frameworks */ = {
			isa = PBXFrameworksBuildPhase;
			buildActionMask = 2147483647;
			files = (
				B0BABA082AE17C4E0001815B /* SDWebImageMapKit in Frameworks */,
				B0BABA062AE17C4E0001815B /* SDWebImage in Frameworks */,
			);
			runOnlyForDeploymentPostprocessing = 0;
		};
		B0BAB9C82AE07A300001815B /* Frameworks */ = {
			isa = PBXFrameworksBuildPhase;
			buildActionMask = 2147483647;
			files = (
			);
			runOnlyForDeploymentPostprocessing = 0;
		};
		B0BAB9D22AE07A300001815B /* Frameworks */ = {
			isa = PBXFrameworksBuildPhase;
			buildActionMask = 2147483647;
			files = (
			);
			runOnlyForDeploymentPostprocessing = 0;
		};
/* End PBXFrameworksBuildPhase section */

/* Begin PBXGroup section */
		B0BAB9AC2AE07A2E0001815B = {
			isa = PBXGroup;
			children = (
				B0BAB9B72AE07A2E0001815B /* Netflix_Clone */,
				B0BAB9CE2AE07A300001815B /* Netflix_CloneTests */,
				B0BAB9D82AE07A300001815B /* Netflix_CloneUITests */,
				B0BAB9B62AE07A2E0001815B /* Products */,
			);
			sourceTree = "<group>";
		};
		B0BAB9B62AE07A2E0001815B /* Products */ = {
			isa = PBXGroup;
			children = (
				B0BAB9B52AE07A2E0001815B /* Netflix_Clone.app */,
				B0BAB9CB2AE07A300001815B /* Netflix_CloneTests.xctest */,
				B0BAB9D52AE07A300001815B /* Netflix_CloneUITests.xctest */,
			);
			name = Products;
			sourceTree = "<group>";
		};
		B0BAB9B72AE07A2E0001815B /* Netflix_Clone */ = {
			isa = PBXGroup;
			children = (
				B0BAB9F52AE08A5A0001815B /* Managers */,
				B0BAB9F42AE08A500001815B /* Resources */,
				B0BAB9F32AE08A2C0001815B /* Models */,
				B0BAB9F12AE08A170001815B /* Views */,
				B0BAB9F22AE08A210001815B /* ViewModels */,
				B0BAB9E82AE080AB0001815B /* Controllers */,
				B0BAB9B82AE07A2E0001815B /* AppDelegate.swift */,
				B0BAB9BA2AE07A2E0001815B /* SceneDelegate.swift */,
				B0BAB9C12AE07A300001815B /* Assets.xcassets */,
				B0BAB9C32AE07A300001815B /* LaunchScreen.storyboard */,
				B0BAB9C62AE07A300001815B /* Info.plist */,
				B0E1027E2AEBDF5C00973A33 /* NetflixCloneModel.xcdatamodeld */,
			);
			path = Netflix_Clone;
			sourceTree = "<group>";
		};
		B0BAB9CE2AE07A300001815B /* Netflix_CloneTests */ = {
			isa = PBXGroup;
			children = (
				B0BAB9CF2AE07A300001815B /* Netflix_CloneTests.swift */,
			);
			path = Netflix_CloneTests;
			sourceTree = "<group>";
		};
		B0BAB9D82AE07A300001815B /* Netflix_CloneUITests */ = {
			isa = PBXGroup;
			children = (
				B0BAB9D92AE07A300001815B /* Netflix_CloneUITests.swift */,
				B0BAB9DB2AE07A300001815B /* Netflix_CloneUITestsLaunchTests.swift */,
			);
			path = Netflix_CloneUITests;
			sourceTree = "<group>";
		};
		B0BAB9E82AE080AB0001815B /* Controllers */ = {
			isa = PBXGroup;
			children = (
				B0E102772AE9D2B000973A33 /* General */,
				B0E102762AE9D27C00973A33 /* Core */,
			);
			path = Controllers;
			sourceTree = "<group>";
		};
		B0BAB9F12AE08A170001815B /* Views */ = {
			isa = PBXGroup;
			children = (
				B0BAB9F62AE08A990001815B /* CollectionViewTableViewCell.swift */,
				B0BAB9F82AE096E50001815B /* HeroHeaderUIView.swift */,
				B0BABA022AE0ECAC0001815B /* TitleCollectionViewCell.swift */,
				B0E102702AE9C0E600973A33 /* TitleTableViewCell.swift */,
			);
			path = Views;
			sourceTree = "<group>";
		};
		B0BAB9F22AE08A210001815B /* ViewModels */ = {
			isa = PBXGroup;
			children = (
				B0E102722AE9C51E00973A33 /* TitleViewModel.swift */,
				B0E1027C2AEA0DA400973A33 /* TitlePreviewViewModel.swift */,
			);
			path = ViewModels;
			sourceTree = "<group>";
		};
		B0BAB9F32AE08A2C0001815B /* Models */ = {
			isa = PBXGroup;
			children = (
				B0BAB9FC2AE0D6650001815B /* Title.swift */,
				B0E102782AEA074000973A33 /* YoutubeSearchResponse.swift */,
			);
			path = Models;
			sourceTree = "<group>";
		};
		B0BAB9F42AE08A500001815B /* Resources */ = {
			isa = PBXGroup;
			children = (
				B0BAB9FE2AE0DB020001815B /* Extensions.swift */,
			);
			path = Resources;
			sourceTree = "<group>";
		};
		B0BAB9F52AE08A5A0001815B /* Managers */ = {
			isa = PBXGroup;
			children = (
				B0BAB9FA2AE0BFC20001815B /* APICaller.swift */,
				B0E102812AEBE25400973A33 /* DataPersistenceManager.swift */,
			);
			path = Managers;
			sourceTree = "<group>";
		};
		B0E102762AE9D27C00973A33 /* Core */ = {
			isa = PBXGroup;
			children = (
				B0BAB9BC2AE07A2E0001815B /* MainTabBarViewController.swift */,
				B0BAB9E92AE080E00001815B /* HomeViewController.swift */,
				B0BAB9EB2AE081140001815B /* UpcomingViewController.swift */,
				B0BAB9ED2AE081300001815B /* SearchViewController.swift */,
				B0BAB9EF2AE0815D0001815B /* DownloadsViewController.swift */,
			);
			path = Core;
			sourceTree = "<group>";
		};
		B0E102772AE9D2B000973A33 /* General */ = {
			isa = PBXGroup;
			children = (
				B0E102742AE9D24F00973A33 /* SearchResultsViewController.swift */,
				B0E1027A2AEA0A9100973A33 /* TitlePreviewViewController.swift */,
			);
			path = General;
			sourceTree = "<group>";
		};
/* End PBXGroup section */

/* Begin PBXNativeTarget section */
		B0BAB9B42AE07A2E0001815B /* Netflix_Clone */ = {
			isa = PBXNativeTarget;
			buildConfigurationList = B0BAB9DF2AE07A300001815B /* Build configuration list for PBXNativeTarget "Netflix_Clone" */;
			buildPhases = (
				B0BAB9B12AE07A2E0001815B /* Sources */,
				B0BAB9B22AE07A2E0001815B /* Frameworks */,
				B0BAB9B32AE07A2E0001815B /* Resources */,
			);
			buildRules = (
			);
			dependencies = (
			);
			name = Netflix_Clone;
			packageProductDependencies = (
				B0BABA052AE17C4E0001815B /* SDWebImage */,
				B0BABA072AE17C4E0001815B /* SDWebImageMapKit */,
			);
			productName = Netflix_Clone;
			productReference = B0BAB9B52AE07A2E0001815B /* Netflix_Clone.app */;
			productType = "com.apple.product-type.application";
		};
		B0BAB9CA2AE07A300001815B /* Netflix_CloneTests */ = {
			isa = PBXNativeTarget;
			buildConfigurationList = B0BAB9E22AE07A300001815B /* Build configuration list for PBXNativeTarget "Netflix_CloneTests" */;
			buildPhases = (
				B0BAB9C72AE07A300001815B /* Sources */,
				B0BAB9C82AE07A300001815B /* Frameworks */,
				B0BAB9C92AE07A300001815B /* Resources */,
			);
			buildRules = (
			);
			dependencies = (
				B0BAB9CD2AE07A300001815B /* PBXTargetDependency */,
			);
			name = Netflix_CloneTests;
			productName = Netflix_CloneTests;
			productReference = B0BAB9CB2AE07A300001815B /* Netflix_CloneTests.xctest */;
			productType = "com.apple.product-type.bundle.unit-test";
		};
		B0BAB9D42AE07A300001815B /* Netflix_CloneUITests */ = {
			isa = PBXNativeTarget;
			buildConfigurationList = B0BAB9E52AE07A300001815B /* Build configuration list for PBXNativeTarget "Netflix_CloneUITests" */;
			buildPhases = (
				B0BAB9D12AE07A300001815B /* Sources */,
				B0BAB9D22AE07A300001815B /* Frameworks */,
				B0BAB9D32AE07A300001815B /* Resources */,
			);
			buildRules = (
			);
			dependencies = (
				B0BAB9D72AE07A300001815B /* PBXTargetDependency */,
			);
			name = Netflix_CloneUITests;
			productName = Netflix_CloneUITests;
			productReference = B0BAB9D52AE07A300001815B /* Netflix_CloneUITests.xctest */;
			productType = "com.apple.product-type.bundle.ui-testing";
		};
/* End PBXNativeTarget section */

/* Begin PBXProject section */
		B0BAB9AD2AE07A2E0001815B /* Project object */ = {
			isa = PBXProject;
			attributes = {
				BuildIndependentTargetsInParallel = 1;
				LastSwiftUpdateCheck = 1500;
				LastUpgradeCheck = 1500;
				TargetAttributes = {
					B0BAB9B42AE07A2E0001815B = {
						CreatedOnToolsVersion = 15.0;
					};
					B0BAB9CA2AE07A300001815B = {
						CreatedOnToolsVersion = 15.0;
						TestTargetID = B0BAB9B42AE07A2E0001815B;
					};
					B0BAB9D42AE07A300001815B = {
						CreatedOnToolsVersion = 15.0;
						TestTargetID = B0BAB9B42AE07A2E0001815B;
					};
				};
			};
			buildConfigurationList = B0BAB9B02AE07A2E0001815B /* Build configuration list for PBXProject "Netflix_Clone" */;
			compatibilityVersion = "Xcode 14.0";
			developmentRegion = en;
			hasScannedForEncodings = 0;
			knownRegions = (
				en,
				Base,
			);
			mainGroup = B0BAB9AC2AE07A2E0001815B;
			packageReferences = (
				B0BABA042AE17C4E0001815B /* XCRemoteSwiftPackageReference "SDWebImage" */,
			);
			productRefGroup = B0BAB9B62AE07A2E0001815B /* Products */;
			projectDirPath = "";
			projectRoot = "";
			targets = (
				B0BAB9B42AE07A2E0001815B /* Netflix_Clone */,
				B0BAB9CA2AE07A300001815B /* Netflix_CloneTests */,
				B0BAB9D42AE07A300001815B /* Netflix_CloneUITests */,
			);
		};
/* End PBXProject section */

/* Begin PBXResourcesBuildPhase section */
		B0BAB9B32AE07A2E0001815B /* Resources */ = {
			isa = PBXResourcesBuildPhase;
			buildActionMask = 2147483647;
			files = (
				B0BAB9C52AE07A300001815B /* LaunchScreen.storyboard in Resources */,
				B0BAB9C22AE07A300001815B /* Assets.xcassets in Resources */,
			);
			runOnlyForDeploymentPostprocessing = 0;
		};
		B0BAB9C92AE07A300001815B /* Resources */ = {
			isa = PBXResourcesBuildPhase;
			buildActionMask = 2147483647;
			files = (
			);
			runOnlyForDeploymentPostprocessing = 0;
		};
		B0BAB9D32AE07A300001815B /* Resources */ = {
			isa = PBXResourcesBuildPhase;
			buildActionMask = 2147483647;
			files = (
			);
			runOnlyForDeploymentPostprocessing = 0;
		};
/* End PBXResourcesBuildPhase section */

/* Begin PBXSourcesBuildPhase section */
		B0BAB9B12AE07A2E0001815B /* Sources */ = {
			isa = PBXSourcesBuildPhase;
			buildActionMask = 2147483647;
			files = (
				B0E102712AE9C0E600973A33 /* TitleTableViewCell.swift in Sources */,
				B0BAB9EE2AE081300001815B /* SearchViewController.swift in Sources */,
				B0BAB9BD2AE07A2E0001815B /* MainTabBarViewController.swift in Sources */,
				B0E102822AEBE25400973A33 /* DataPersistenceManager.swift in Sources */,
				B0BAB9F72AE08A990001815B /* CollectionViewTableViewCell.swift in Sources */,
				B0BAB9FB2AE0BFC20001815B /* APICaller.swift in Sources */,
				B0BAB9F92AE096E50001815B /* HeroHeaderUIView.swift in Sources */,
				B0E102802AEBDF5C00973A33 /* NetflixCloneModel.xcdatamodeld in Sources */,
				B0BAB9F02AE0815D0001815B /* DownloadsViewController.swift in Sources */,
				B0BABA032AE0ECAC0001815B /* TitleCollectionViewCell.swift in Sources */,
				B0BAB9B92AE07A2E0001815B /* AppDelegate.swift in Sources */,
				B0E102752AE9D24F00973A33 /* SearchResultsViewController.swift in Sources */,
				B0BAB9FF2AE0DB020001815B /* Extensions.swift in Sources */,
				B0E102792AEA074000973A33 /* YoutubeSearchResponse.swift in Sources */,
				B0BAB9BB2AE07A2E0001815B /* SceneDelegate.swift in Sources */,
				B0E1027D2AEA0DA400973A33 /* TitlePreviewViewModel.swift in Sources */,
				B0BAB9EC2AE081140001815B /* UpcomingViewController.swift in Sources */,
				B0E1027B2AEA0A9100973A33 /* TitlePreviewViewController.swift in Sources */,
				B0BAB9FD2AE0D6650001815B /* Title.swift in Sources */,
				B0BAB9EA2AE080E00001815B /* HomeViewController.swift in Sources */,
				B0E102732AE9C51E00973A33 /* TitleViewModel.swift in Sources */,
			);
			runOnlyForDeploymentPostprocessing = 0;
		};
		B0BAB9C72AE07A300001815B /* Sources */ = {
			isa = PBXSourcesBuildPhase;
			buildActionMask = 2147483647;
			files = (
				B0BAB9D02AE07A300001815B /* Netflix_CloneTests.swift in Sources */,
			);
			runOnlyForDeploymentPostprocessing = 0;
		};
		B0BAB9D12AE07A300001815B /* Sources */ = {
			isa = PBXSourcesBuildPhase;
			buildActionMask = 2147483647;
			files = (
				B0BAB9DA2AE07A300001815B /* Netflix_CloneUITests.swift in Sources */,
				B0BAB9DC2AE07A300001815B /* Netflix_CloneUITestsLaunchTests.swift in Sources */,
			);
			runOnlyForDeploymentPostprocessing = 0;
		};
/* End PBXSourcesBuildPhase section */

/* Begin PBXTargetDependency section */
		B0BAB9CD2AE07A300001815B /* PBXTargetDependency */ = {
			isa = PBXTargetDependency;
			target = B0BAB9B42AE07A2E0001815B /* Netflix_Clone */;
			targetProxy = B0BAB9CC2AE07A300001815B /* PBXContainerItemProxy */;
		};
		B0BAB9D72AE07A300001815B /* PBXTargetDependency */ = {
			isa = PBXTargetDependency;
			target = B0BAB9B42AE07A2E0001815B /* Netflix_Clone */;
			targetProxy = B0BAB9D62AE07A300001815B /* PBXContainerItemProxy */;
		};
/* End PBXTargetDependency section */

/* Begin PBXVariantGroup section */
		B0BAB9C32AE07A300001815B /* LaunchScreen.storyboard */ = {
			isa = PBXVariantGroup;
			children = (
				B0BAB9C42AE07A300001815B /* Base */,
			);
			name = LaunchScreen.storyboard;
			sourceTree = "<group>";
		};
/* End PBXVariantGroup section */

/* Begin XCBuildConfiguration section */
		B0BAB9DD2AE07A300001815B /* Debug */ = {
			isa = XCBuildConfiguration;
			buildSettings = {
				ALWAYS_SEARCH_USER_PATHS = NO;
				ASSETCATALOG_COMPILER_GENERATE_SWIFT_ASSET_SYMBOL_EXTENSIONS = YES;
				CLANG_ANALYZER_NONNULL = YES;
				CLANG_ANALYZER_NUMBER_OBJECT_CONVERSION = YES_AGGRESSIVE;
				CLANG_CXX_LANGUAGE_STANDARD = "gnu++20";
				CLANG_ENABLE_MODULES = YES;
				CLANG_ENABLE_OBJC_ARC = YES;
				CLANG_ENABLE_OBJC_WEAK = YES;
				CLANG_WARN_BLOCK_CAPTURE_AUTORELEASING = YES;
				CLANG_WARN_BOOL_CONVERSION = YES;
				CLANG_WARN_COMMA = YES;
				CLANG_WARN_CONSTANT_CONVERSION = YES;
				CLANG_WARN_DEPRECATED_OBJC_IMPLEMENTATIONS = YES;
				CLANG_WARN_DIRECT_OBJC_ISA_USAGE = YES_ERROR;
				CLANG_WARN_DOCUMENTATION_COMMENTS = YES;
				CLANG_WARN_EMPTY_BODY = YES;
				CLANG_WARN_ENUM_CONVERSION = YES;
				CLANG_WARN_INFINITE_RECURSION = YES;
				CLANG_WARN_INT_CONVERSION = YES;
				CLANG_WARN_NON_LITERAL_NULL_CONVERSION = YES;
				CLANG_WARN_OBJC_IMPLICIT_RETAIN_SELF = YES;
				CLANG_WARN_OBJC_LITERAL_CONVERSION = YES;
				CLANG_WARN_OBJC_ROOT_CLASS = YES_ERROR;
				CLANG_WARN_QUOTED_INCLUDE_IN_FRAMEWORK_HEADER = YES;
				CLANG_WARN_RANGE_LOOP_ANALYSIS = YES;
				CLANG_WARN_STRICT_PROTOTYPES = YES;
				CLANG_WARN_SUSPICIOUS_MOVE = YES;
				CLANG_WARN_UNGUARDED_AVAILABILITY = YES_AGGRESSIVE;
				CLANG_WARN_UNREACHABLE_CODE = YES;
				CLANG_WARN__DUPLICATE_METHOD_MATCH = YES;
				COPY_PHASE_STRIP = NO;
				DEBUG_INFORMATION_FORMAT = dwarf;
				ENABLE_STRICT_OBJC_MSGSEND = YES;
				ENABLE_TESTABILITY = YES;
				ENABLE_USER_SCRIPT_SANDBOXING = YES;
				GCC_C_LANGUAGE_STANDARD = gnu17;
				GCC_DYNAMIC_NO_PIC = NO;
				GCC_NO_COMMON_BLOCKS = YES;
				GCC_OPTIMIZATION_LEVEL = 0;
				GCC_PREPROCESSOR_DEFINITIONS = (
					"DEBUG=1",
					"$(inherited)",
				);
				GCC_WARN_64_TO_32_BIT_CONVERSION = YES;
				GCC_WARN_ABOUT_RETURN_TYPE = YES_ERROR;
				GCC_WARN_UNDECLARED_SELECTOR = YES;
				GCC_WARN_UNINITIALIZED_AUTOS = YES_AGGRESSIVE;
				GCC_WARN_UNUSED_FUNCTION = YES;
				GCC_WARN_UNUSED_VARIABLE = YES;
				IPHONEOS_DEPLOYMENT_TARGET = 17.0;
				LOCALIZATION_PREFERS_STRING_CATALOGS = YES;
				MTL_ENABLE_DEBUG_INFO = INCLUDE_SOURCE;
				MTL_FAST_MATH = YES;
				ONLY_ACTIVE_ARCH = YES;
				SDKROOT = iphoneos;
				SWIFT_ACTIVE_COMPILATION_CONDITIONS = "DEBUG $(inherited)";
				SWIFT_OPTIMIZATION_LEVEL = "-Onone";
			};
			name = Debug;
		};
		B0BAB9DE2AE07A300001815B /* Release */ = {
			isa = XCBuildConfiguration;
			buildSettings = {
				ALWAYS_SEARCH_USER_PATHS = NO;
				ASSETCATALOG_COMPILER_GENERATE_SWIFT_ASSET_SYMBOL_EXTENSIONS = YES;
				CLANG_ANALYZER_NONNULL = YES;
				CLANG_ANALYZER_NUMBER_OBJECT_CONVERSION = YES_AGGRESSIVE;
				CLANG_CXX_LANGUAGE_STANDARD = "gnu++20";
				CLANG_ENABLE_MODULES = YES;
				CLANG_ENABLE_OBJC_ARC = YES;
				CLANG_ENABLE_OBJC_WEAK = YES;
				CLANG_WARN_BLOCK_CAPTURE_AUTORELEASING = YES;
				CLANG_WARN_BOOL_CONVERSION = YES;
				CLANG_WARN_COMMA = YES;
				CLANG_WARN_CONSTANT_CONVERSION = YES;
				CLANG_WARN_DEPRECATED_OBJC_IMPLEMENTATIONS = YES;
				CLANG_WARN_DIRECT_OBJC_ISA_USAGE = YES_ERROR;
				CLANG_WARN_DOCUMENTATION_COMMENTS = YES;
				CLANG_WARN_EMPTY_BODY = YES;
				CLANG_WARN_ENUM_CONVERSION = YES;
				CLANG_WARN_INFINITE_RECURSION = YES;
				CLANG_WARN_INT_CONVERSION = YES;
				CLANG_WARN_NON_LITERAL_NULL_CONVERSION = YES;
				CLANG_WARN_OBJC_IMPLICIT_RETAIN_SELF = YES;
				CLANG_WARN_OBJC_LITERAL_CONVERSION = YES;
				CLANG_WARN_OBJC_ROOT_CLASS = YES_ERROR;
				CLANG_WARN_QUOTED_INCLUDE_IN_FRAMEWORK_HEADER = YES;
				CLANG_WARN_RANGE_LOOP_ANALYSIS = YES;
				CLANG_WARN_STRICT_PROTOTYPES = YES;
				CLANG_WARN_SUSPICIOUS_MOVE = YES;
				CLANG_WARN_UNGUARDED_AVAILABILITY = YES_AGGRESSIVE;
				CLANG_WARN_UNREACHABLE_CODE = YES;
				CLANG_WARN__DUPLICATE_METHOD_MATCH = YES;
				COPY_PHASE_STRIP = NO;
				DEBUG_INFORMATION_FORMAT = "dwarf-with-dsym";
				ENABLE_NS_ASSERTIONS = NO;
				ENABLE_STRICT_OBJC_MSGSEND = YES;
				ENABLE_USER_SCRIPT_SANDBOXING = YES;
				GCC_C_LANGUAGE_STANDARD = gnu17;
				GCC_NO_COMMON_BLOCKS = YES;
				GCC_WARN_64_TO_32_BIT_CONVERSION = YES;
				GCC_WARN_ABOUT_RETURN_TYPE = YES_ERROR;
				GCC_WARN_UNDECLARED_SELECTOR = YES;
				GCC_WARN_UNINITIALIZED_AUTOS = YES_AGGRESSIVE;
				GCC_WARN_UNUSED_FUNCTION = YES;
				GCC_WARN_UNUSED_VARIABLE = YES;
				IPHONEOS_DEPLOYMENT_TARGET = 17.0;
				LOCALIZATION_PREFERS_STRING_CATALOGS = YES;
				MTL_ENABLE_DEBUG_INFO = NO;
				MTL_FAST_MATH = YES;
				SDKROOT = iphoneos;
				SWIFT_COMPILATION_MODE = wholemodule;
				VALIDATE_PRODUCT = YES;
			};
			name = Release;
		};
		B0BAB9E02AE07A300001815B /* Debug */ = {
			isa = XCBuildConfiguration;
			buildSettings = {
				ASSETCATALOG_COMPILER_APPICON_NAME = AppIcon;
				ASSETCATALOG_COMPILER_GLOBAL_ACCENT_COLOR_NAME = AccentColor;
				CODE_SIGN_STYLE = Automatic;
				CURRENT_PROJECT_VERSION = 1;
				DEVELOPMENT_TEAM = 6NYMRX3WJD;
				GENERATE_INFOPLIST_FILE = YES;
				INFOPLIST_FILE = Netflix_Clone/Info.plist;
				INFOPLIST_KEY_UIApplicationSupportsIndirectInputEvents = YES;
				INFOPLIST_KEY_UILaunchStoryboardName = LaunchScreen;
				INFOPLIST_KEY_UISupportedInterfaceOrientations_iPad = "UIInterfaceOrientationPortrait UIInterfaceOrientationPortraitUpsideDown UIInterfaceOrientationLandscapeLeft UIInterfaceOrientationLandscapeRight";
				INFOPLIST_KEY_UISupportedInterfaceOrientations_iPhone = "UIInterfaceOrientationPortrait UIInterfaceOrientationLandscapeLeft UIInterfaceOrientationLandscapeRight";
				LD_RUNPATH_SEARCH_PATHS = (
					"$(inherited)",
					"@executable_path/Frameworks",
				);
				MARKETING_VERSION = 1.0;
				PRODUCT_BUNDLE_IDENTIFIER = "puneetbajaj.Netflix-Clone";
				PRODUCT_NAME = "$(TARGET_NAME)";
				SWIFT_EMIT_LOC_STRINGS = YES;
				SWIFT_VERSION = 5.0;
				TARGETED_DEVICE_FAMILY = "1,2";
			};
			name = Debug;
		};
		B0BAB9E12AE07A300001815B /* Release */ = {
			isa = XCBuildConfiguration;
			buildSettings = {
				ASSETCATALOG_COMPILER_APPICON_NAME = AppIcon;
				ASSETCATALOG_COMPILER_GLOBAL_ACCENT_COLOR_NAME = AccentColor;
				CODE_SIGN_STYLE = Automatic;
				CURRENT_PROJECT_VERSION = 1;
				DEVELOPMENT_TEAM = 6NYMRX3WJD;
				GENERATE_INFOPLIST_FILE = YES;
				INFOPLIST_FILE = Netflix_Clone/Info.plist;
				INFOPLIST_KEY_UIApplicationSupportsIndirectInputEvents = YES;
				INFOPLIST_KEY_UILaunchStoryboardName = LaunchScreen;
				INFOPLIST_KEY_UISupportedInterfaceOrientations_iPad = "UIInterfaceOrientationPortrait UIInterfaceOrientationPortraitUpsideDown UIInterfaceOrientationLandscapeLeft UIInterfaceOrientationLandscapeRight";
				INFOPLIST_KEY_UISupportedInterfaceOrientations_iPhone = "UIInterfaceOrientationPortrait UIInterfaceOrientationLandscapeLeft UIInterfaceOrientationLandscapeRight";
				LD_RUNPATH_SEARCH_PATHS = (
					"$(inherited)",
					"@executable_path/Frameworks",
				);
				MARKETING_VERSION = 1.0;
				PRODUCT_BUNDLE_IDENTIFIER = "puneetbajaj.Netflix-Clone";
				PRODUCT_NAME = "$(TARGET_NAME)";
				SWIFT_EMIT_LOC_STRINGS = YES;
				SWIFT_VERSION = 5.0;
				TARGETED_DEVICE_FAMILY = "1,2";
			};
			name = Release;
		};
		B0BAB9E32AE07A300001815B /* Debug */ = {
			isa = XCBuildConfiguration;
			buildSettings = {
				ALWAYS_EMBED_SWIFT_STANDARD_LIBRARIES = YES;
				BUNDLE_LOADER = "$(TEST_HOST)";
				CODE_SIGN_STYLE = Automatic;
				CURRENT_PROJECT_VERSION = 1;
				GENERATE_INFOPLIST_FILE = YES;
				IPHONEOS_DEPLOYMENT_TARGET = 17.0;
				MARKETING_VERSION = 1.0;
				PRODUCT_BUNDLE_IDENTIFIER = "puneetbajaj.Netflix-CloneTests";
				PRODUCT_NAME = "$(TARGET_NAME)";
				SWIFT_EMIT_LOC_STRINGS = NO;
				SWIFT_VERSION = 5.0;
				TARGETED_DEVICE_FAMILY = "1,2";
				TEST_HOST = "$(BUILT_PRODUCTS_DIR)/Netflix_Clone.app/$(BUNDLE_EXECUTABLE_FOLDER_PATH)/Netflix_Clone";
			};
			name = Debug;
		};
		B0BAB9E42AE07A300001815B /* Release */ = {
			isa = XCBuildConfiguration;
			buildSettings = {
				ALWAYS_EMBED_SWIFT_STANDARD_LIBRARIES = YES;
				BUNDLE_LOADER = "$(TEST_HOST)";
				CODE_SIGN_STYLE = Automatic;
				CURRENT_PROJECT_VERSION = 1;
				GENERATE_INFOPLIST_FILE = YES;
				IPHONEOS_DEPLOYMENT_TARGET = 17.0;
				MARKETING_VERSION = 1.0;
				PRODUCT_BUNDLE_IDENTIFIER = "puneetbajaj.Netflix-CloneTests";
				PRODUCT_NAME = "$(TARGET_NAME)";
				SWIFT_EMIT_LOC_STRINGS = NO;
				SWIFT_VERSION = 5.0;
				TARGETED_DEVICE_FAMILY = "1,2";
				TEST_HOST = "$(BUILT_PRODUCTS_DIR)/Netflix_Clone.app/$(BUNDLE_EXECUTABLE_FOLDER_PATH)/Netflix_Clone";
			};
			name = Release;
		};
		B0BAB9E62AE07A300001815B /* Debug */ = {
			isa = XCBuildConfiguration;
			buildSettings = {
				ALWAYS_EMBED_SWIFT_STANDARD_LIBRARIES = YES;
				CODE_SIGN_STYLE = Automatic;
				CURRENT_PROJECT_VERSION = 1;
				GENERATE_INFOPLIST_FILE = YES;
				MARKETING_VERSION = 1.0;
				PRODUCT_BUNDLE_IDENTIFIER = "puneetbajaj.Netflix-CloneUITests";
				PRODUCT_NAME = "$(TARGET_NAME)";
				SWIFT_EMIT_LOC_STRINGS = NO;
				SWIFT_VERSION = 5.0;
				TARGETED_DEVICE_FAMILY = "1,2";
				TEST_TARGET_NAME = Netflix_Clone;
			};
			name = Debug;
		};
		B0BAB9E72AE07A300001815B /* Release */ = {
			isa = XCBuildConfiguration;
			buildSettings = {
				ALWAYS_EMBED_SWIFT_STANDARD_LIBRARIES = YES;
				CODE_SIGN_STYLE = Automatic;
				CURRENT_PROJECT_VERSION = 1;
				GENERATE_INFOPLIST_FILE = YES;
				MARKETING_VERSION = 1.0;
				PRODUCT_BUNDLE_IDENTIFIER = "puneetbajaj.Netflix-CloneUITests";
				PRODUCT_NAME = "$(TARGET_NAME)";
				SWIFT_EMIT_LOC_STRINGS = NO;
				SWIFT_VERSION = 5.0;
				TARGETED_DEVICE_FAMILY = "1,2";
				TEST_TARGET_NAME = Netflix_Clone;
			};
			name = Release;
		};
/* End XCBuildConfiguration section */

/* Begin XCConfigurationList section */
		B0BAB9B02AE07A2E0001815B /* Build configuration list for PBXProject "Netflix_Clone" */ = {
			isa = XCConfigurationList;
			buildConfigurations = (
				B0BAB9DD2AE07A300001815B /* Debug */,
				B0BAB9DE2AE07A300001815B /* Release */,
			);
			defaultConfigurationIsVisible = 0;
			defaultConfigurationName = Release;
		};
		B0BAB9DF2AE07A300001815B /* Build configuration list for PBXNativeTarget "Netflix_Clone" */ = {
			isa = XCConfigurationList;
			buildConfigurations = (
				B0BAB9E02AE07A300001815B /* Debug */,
				B0BAB9E12AE07A300001815B /* Release */,
			);
			defaultConfigurationIsVisible = 0;
			defaultConfigurationName = Release;
		};
		B0BAB9E22AE07A300001815B /* Build configuration list for PBXNativeTarget "Netflix_CloneTests" */ = {
			isa = XCConfigurationList;
			buildConfigurations = (
				B0BAB9E32AE07A300001815B /* Debug */,
				B0BAB9E42AE07A300001815B /* Release */,
			);
			defaultConfigurationIsVisible = 0;
			defaultConfigurationName = Release;
		};
		B0BAB9E52AE07A300001815B /* Build configuration list for PBXNativeTarget "Netflix_CloneUITests" */ = {
			isa = XCConfigurationList;
			buildConfigurations = (
				B0BAB9E62AE07A300001815B /* Debug */,
				B0BAB9E72AE07A300001815B /* Release */,
			);
			defaultConfigurationIsVisible = 0;
			defaultConfigurationName = Release;
		};
/* End XCConfigurationList section */

/* Begin XCRemoteSwiftPackageReference section */
		B0BABA042AE17C4E0001815B /* XCRemoteSwiftPackageReference "SDWebImage" */ = {
			isa = XCRemoteSwiftPackageReference;
			repositoryURL = "git@github.com:SDWebImage/SDWebImage.git";
			requirement = {
				branch = master;
				kind = branch;
			};
		};
/* End XCRemoteSwiftPackageReference section */

/* Begin XCSwiftPackageProductDependency section */
		B0BABA052AE17C4E0001815B /* SDWebImage */ = {
			isa = XCSwiftPackageProductDependency;
			package = B0BABA042AE17C4E0001815B /* XCRemoteSwiftPackageReference "SDWebImage" */;
			productName = SDWebImage;
		};
		B0BABA072AE17C4E0001815B /* SDWebImageMapKit */ = {
			isa = XCSwiftPackageProductDependency;
			package = B0BABA042AE17C4E0001815B /* XCRemoteSwiftPackageReference "SDWebImage" */;
			productName = SDWebImageMapKit;
		};
/* End XCSwiftPackageProductDependency section */

/* Begin XCVersionGroup section */
		B0E1027E2AEBDF5C00973A33 /* NetflixCloneModel.xcdatamodeld */ = {
			isa = XCVersionGroup;
			children = (
				B0E1027F2AEBDF5C00973A33 /* NetflixCloneModel.xcdatamodel */,
			);
			currentVersion = B0E1027F2AEBDF5C00973A33 /* NetflixCloneModel.xcdatamodel */;
			path = NetflixCloneModel.xcdatamodeld;
			sourceTree = "<group>";
			versionGroupType = wrapper.xcdatamodel;
		};
/* End XCVersionGroup section */
	};
	rootObject = B0BAB9AD2AE07A2E0001815B /* Project object */;
}
